<?xml version="1.0" encoding="utf-8"?>
<Project ToolsVersion="4.0" xmlns="http://schemas.microsoft.com/developer/msbuild/2003">
  <ItemGroup>
    <Filter Include="good">
      <UniqueIdentifier>{3d2c37be-5d0d-438e-a9d9-5dff51c71d1b}</UniqueIdentifier>
    </Filter>
    <Filter Include="mods">
      <UniqueIdentifier>{2ebb66cd-4841-4878-ac76-3bd379115294}</UniqueIdentifier>
    </Filter>
    <Filter Include="mods\hl2dm">
      <UniqueIdentifier>{56d3e086-7707-4384-a083-e8714815a8ee}</UniqueIdentifier>
    </Filter>
    <Filter Include="mods\tf2">
      <UniqueIdentifier>{7a53e568-a48c-4603-872c-24ce40b8809e}</UniqueIdentifier>
    </Filter>
    <Filter Include="runtime">
      <UniqueIdentifier>{4aab51e5-0546-4ff7-bdff-2e9630952fde}</UniqueIdentifier>
    </Filter>
  </ItemGroup>
  <ItemGroup>
    <ClInclude Include="good\include\good\aatree.h">
      <Filter>good</Filter>
    </ClInclude>
    <ClInclude Include="good\include\good\astar.h">
      <Filter>good</Filter>
    </ClInclude>
    <ClInclude Include="good\include\good\bitmatrix.h">
      <Filter>good</Filter>
    </ClInclude>
    <ClInclude Include="good\include\good\circular_buffer.h">
      <Filter>good</Filter>
    </ClInclude>
    <ClInclude Include="good\include\good\defines.h">
      <Filter>good</Filter>
    </ClInclude>
    <ClInclude Include="good\include\good\file.h">
      <Filter>good</Filter>
    </ClInclude>
    <ClInclude Include="good\include\good\graph.h">
      <Filter>good</Filter>
    </ClInclude>
    <ClInclude Include="good\include\good\heap.h">
      <Filter>good</Filter>
    </ClInclude>
    <ClInclude Include="good\include\good\ini_file.h">
      <Filter>good</Filter>
    </ClInclude>
    <ClInclude Include="good\include\good\list.h">
      <Filter>good</Filter>
    </ClInclude>
    <ClInclude Include="good\include\good\map.h">
      <Filter>good</Filter>
    </ClInclude>
    <ClInclude Include="good\include\good\mutex.h">
      <Filter>good</Filter>
    </ClInclude>
    <ClInclude Include="good\include\good\priority_queue.h">
      <Filter>good</Filter>
    </ClInclude>
    <ClInclude Include="good\include\good\process.h">
      <Filter>good</Filter>
    </ClInclude>
    <ClInclude Include="good\include\good\set.h">
      <Filter>good</Filter>
    </ClInclude>
    <ClInclude Include="good\include\good\string.h">
      <Filter>good</Filter>
    </ClInclude>
    <ClInclude Include="good\include\good\string_buffer.h">
      <Filter>good</Filter>
    </ClInclude>
    <ClInclude Include="good\include\good\thread.h">
      <Filter>good</Filter>
    </ClInclude>
    <ClInclude Include="good\include\good\utility.h">
      <Filter>good</Filter>
    </ClInclude>
    <ClInclude Include="good\include\good\vector.h">
      <Filter>good</Filter>
    </ClInclude>
    <ClInclude Include="mods\hl2dm\bot_hl2dm.h">
      <Filter>mods\hl2dm</Filter>
    </ClInclude>
    <ClInclude Include="mods\hl2dm\types_hl2dm.h">
      <Filter>mods\hl2dm</Filter>
    </ClInclude>
    <ClInclude Include="bot.h" />
    <ClInclude Include="chat.h" />
    <ClInclude Include="clients.h" />
    <ClInclude Include="config.h" />
    <ClInclude Include="console_commands.h" />
    <ClInclude Include="event.h" />
    <ClInclude Include="item.h" />
    <ClInclude Include="mod.h" />
    <ClInclude Include="players.h" />
    <ClInclude Include="server_plugin.h" />
    <ClInclude Include="source_engine.h" />
    <ClInclude Include="type2string.h" />
    <ClInclude Include="types.h" />
    <ClInclude Include="waypoint.h" />
    <ClInclude Include="waypoint_navigator.h" />
    <ClInclude Include="weapon.h" />
    <ClInclude Include="good\include\good\include\good\bitset.h" />
    <ClInclude Include="good\include\good\bitset.h">
      <Filter>good</Filter>
    </ClInclude>
    <ClInclude Include="good\include\good\log.h">
      <Filter>good</Filter>
    </ClInclude>
    <ClInclude Include="good\include\good\memory.h">
      <Filter>good</Filter>
    </ClInclude>
    <ClInclude Include="good\include\good\string_utils.h">
      <Filter>good</Filter>
    </ClInclude>
    <ClInclude Include="mods\tf2\bot_tf2.h">
      <Filter>mods\tf2</Filter>
    </ClInclude>
    <ClInclude Include="mods\tf2\mod_tf2.h">
      <Filter>mods\tf2</Filter>
    </ClInclude>
    <ClInclude Include="mods\tf2\types_tf2.h">
      <Filter>mods\tf2</Filter>
    </ClInclude>
    <ClInclude Include="mods\hl2dm\mod_hl2dm.h">
      <Filter>mods\hl2dm</Filter>
    </ClInclude>
  </ItemGroup>
  <ItemGroup>
    <ClCompile Include="good\src\file.cpp">
      <Filter>good</Filter>
    </ClCompile>
    <ClCompile Include="good\src\ini_file.cpp">
      <Filter>good</Filter>
    </ClCompile>
    <ClCompile Include="good\src\mutex.cpp">
      <Filter>good</Filter>
    </ClCompile>
    <ClCompile Include="good\src\process.cpp">
      <Filter>good</Filter>
    </ClCompile>
    <ClCompile Include="good\src\thread.cpp">
      <Filter>good</Filter>
    </ClCompile>
    <ClCompile Include="mods\hl2dm\bot_hl2dm.cpp">
      <Filter>mods\hl2dm</Filter>
    </ClCompile>
    <ClCompile Include="bot.cpp" />
    <ClCompile Include="chat.cpp" />
    <ClCompile Include="clients.cpp" />
    <ClCompile Include="config.cpp" />
    <ClCompile Include="console_commands.cpp" />
    <ClCompile Include="event.cpp" />
    <ClCompile Include="item.cpp" />
    <ClCompile Include="mod.cpp" />
    <ClCompile Include="players.cpp" />
    <ClCompile Include="server_plugin.cpp" />
    <ClCompile Include="source_engine.cpp" />
    <ClCompile Include="type2string.cpp" />
    <ClCompile Include="waypoint.cpp" />
    <ClCompile Include="waypoint_navigator.cpp" />
    <ClCompile Include="weapon.cpp" />
    <ClCompile Include="good\src\log.cpp">
      <Filter>good</Filter>
    </ClCompile>
    <ClCompile Include="mods\tf2\bot_tf2.cpp">
      <Filter>mods\tf2</Filter>
    </ClCompile>
    <ClCompile Include="mods\tf2\mod_tf2.cpp">
      <Filter>mods\tf2</Filter>
    </ClCompile>
    <ClCompile Include="mods\hl2dm\mod_hl2dm.cpp">
      <Filter>mods\hl2dm</Filter>
    </ClCompile>
  </ItemGroup>
  <ItemGroup>
    <None Include="mods\hl2dm\readme.txt">
      <Filter>mods\hl2dm</Filter>
    </None>
    <None Include="mods\tf2\readme.txt">
      <Filter>mods\tf2</Filter>
    </None>
    <None Include="runtime\addons\botrix\config.ini">
      <Filter>runtime</Filter>
    </None>
    <None Include="runtime\cfg\botrix.cfg">
      <Filter>runtime</Filter>
    </None>
  </ItemGroup>
  <ItemGroup>
    <Text Include="runtime\botrix-changelog.txt">
      <Filter>runtime</Filter>
    </Text>
    <Text Include="runtime\botrix-commands.txt">
      <Filter>runtime</Filter>
    </Text>
    <Text Include="runtime\botrix-credits.txt">
      <Filter>runtime</Filter>
    </Text>
    <Text Include="runtime\botrix-readme.txt">
      <Filter>runtime</Filter>
    </Text>
  </ItemGroup>
</Project>